{
  "_meta": {
    "hash": {
      "sha256": "8c2a2ff99d627b4f8f31e8851f4f1ffbb3d3aa914f7588656041fcb32dd8f8f1"
    },
    "pipfile-spec": 6,
    "requires": {
      "python_version": "3.11"
    },
    "sources": [
      {
        "name": "pypi",
        "url": "https://pypi.org/simple",
        "verify_ssl": true
      }
    ]
  },
  "default": {
    "urllib3": {
      "hashes": [
        "sha256:placeholder-urllib3-1",
        "sha256:placeholder-urllib3-2"
      ],
      "index": "pypi",
      "version": "==2.0.5"
    }
  },
  "develop": {
    "iniconfig": {
      "hashes": [
        "sha256:placeholder-iniconfig-1"
      ],
      "index": "pypi",
      "version": "==2.0.0"
    },
    "packaging": {
      "hashes": [
        "sha256:placeholder-packaging-1"
      ],
      "index": "pypi",
      "version": "==23.2"
    },
    "pluggy": {
      "hashes": [
        "sha256:placeholder-pluggy-1"
      ],
      "index": "pypi",
      "version": "==1.3.0"
    },
    "pytest": {
      "hashes": [
        "sha256:placeholder-pytest-1",
        "sha256:placeholder-pytest-2"
      ],
      "index": "pypi",
      "version": "==7.4.0"
    }
  }
}
