NUGET
  remote: https://api.nuget.org/v3/index.json
    Microsoft.Extensions.DependencyInjection.Abstractions (5.0.0)
    Microsoft.Extensions.Logging (5.0.0)
      Microsoft.Extensions.DependencyInjection.Abstractions (>= 5.0.0)
      Microsoft.Extensions.Logging.Abstractions (>= 5.0.0)
      Microsoft.Extensions.Options (>= 5.0.0)
    Microsoft.Extensions.Logging.Abstractions (5.0.0)
      Microsoft.Extensions.DependencyInjection.Abstractions (>= 5.0.0)
      Microsoft.Extensions.Primitives (>= 5.0.0)
    Microsoft.Extensions.Options (5.0.0)
      Microsoft.Extensions.DependencyInjection.Abstractions (>= 5.0.0)
      Microsoft.Extensions.Primitives (>= 5.0.0)
    Microsoft.Extensions.Primitives (5.0.0)
    Newtonsoft.Json (12.0.3)
