version: 1
metadata:
  platforms: [linux-64]
packages:
  linux-64:
    - name: pandas
      version: 2.1.1
      manager: conda
    - name: numpy
      version: 1.26.0
      manager: conda
    - name: requests
      version: 2.31.0
      manager: conda
    - name: django
      version: 5.0.0
      manager: conda
