version = 1
requires-python = ">=3.11"

[[package]]
name = "anyio"
version = "4.3.0"
source = { registry = "https://pypi.org/simple" }
dependencies = [
    { name = "idna", version = ">=2.8" },
    { name = "sniffio", version = ">=1.1" },
]

[[package]]
name = "idna"
version = "3.6"
source = { registry = "https://pypi.org/simple" }
