# THIS IS AN AUTOGENERATED FILE. DO NOT EDIT THIS FILE DIRECTLY.
# yarn lockfile v1

minimist@0.0.8, minimist@^0.0.8:
  version "0.0.8"
  resolved "https://registry.yarnpkg.com/minimist/-/minimist-0.0.8.tgz#minimist-placeholder"
  integrity sha512-minimist-placeholder

mkdirp@0.5.1:
  version "0.5.1"
  resolved "https://registry.yarnpkg.com/mkdirp/-/mkdirp-0.5.1.tgz#mkdirp-placeholder"
  integrity sha512-mkdirp-placeholder
  dependencies:
    minimist "0.0.8"
